
Microsoft Visual Studio Solution File, Format Version 12.00
# Visual Studio Version 17
VisualStudioVersion = 17.10.34928.147
MinimumVisualStudioVersion = 10.0.40219.1
Project("{FAE04EC0-301F-11D3-BF4B-00C04F79EFBC}") = "EF03", "EF03\EF03.csproj", "{73B4BEA2-27FF-4475-B776-77D007438C4B}"
EndProject
Global
	GlobalSection(SolutionConfigurationPlatforms) = preSolution
		Debug|Any CPU = Debug|Any CPU
		Release|Any CPU = Release|Any CPU
	EndGlobalSection
	GlobalSection(ProjectConfigurationPlatforms) = postSolution
		{73B4BEA2-27FF-4475-B776-77D007438C4B}.Debug|Any CPU.ActiveCfg = Debug|Any CPU
		{73B4BEA2-27FF-4475-B776-77D007438C4B}.Debug|Any CPU.Build.0 = Debug|Any CPU
		{73B4BEA2-27FF-4475-B776-77D007438C4B}.Release|Any CPU.ActiveCfg = Release|Any CPU
		{73B4BEA2-27FF-4475-B776-77D007438C4B}.Release|Any CPU.Build.0 = Release|Any CPU
	EndGlobalSection
	GlobalSection(SolutionProperties) = preSolution
		HideSolutionNode = FALSE
	EndGlobalSection
	GlobalSection(ExtensibilityGlobals) = postSolution
		SolutionGuid = {D1DF600E-EBCC-477C-A55C-4002CC351124}
	EndGlobalSection
EndGlobal
